
Microsoft Visual Studio Solution File, Format Version 12.00
Project("{FAE04EC0-301F-11D3-BF4B-00C04F79EFBC}") = "RentCar.Api", "RentCar.Api\RentCar.Api.csproj", "{4C9A64D0-0B7A-4D7E-A030-E497461FEB75}"
EndProject
Global
	GlobalSection(SolutionConfigurationPlatforms) = preSolution
		Debug|Any CPU = Debug|Any CPU
		Release|Any CPU = Release|Any CPU
	EndGlobalSection
	GlobalSection(ProjectConfigurationPlatforms) = postSolution
		{4C9A64D0-0B7A-4D7E-A030-E497461FEB75}.Debug|Any CPU.ActiveCfg = Debug|Any CPU
		{4C9A64D0-0B7A-4D7E-A030-E497461FEB75}.Debug|Any CPU.Build.0 = Debug|Any CPU
		{4C9A64D0-0B7A-4D7E-A030-E497461FEB75}.Release|Any CPU.ActiveCfg = Release|Any CPU
		{4C9A64D0-0B7A-4D7E-A030-E497461FEB75}.Release|Any CPU.Build.0 = Release|Any CPU
	EndGlobalSection
EndGlobal
